
Microsoft Visual Studio Solution File, Format Version 12.00
# Visual Studio Version 16
VisualStudioVersion = 16.0.30907.101
MinimumVisualStudioVersion = 10.0.40219.1
Project("{FAE04EC0-301F-11D3-BF4B-00C04F79EFBC}") = "001 Gato", "001 Gato.csproj", "{A1EF799E-8EBB-40BE-AF34-D4D471C56AF0}"
EndProject
Global
	GlobalSection(SolutionConfigurationPlatforms) = preSolution
		Debug|Any CPU = Debug|Any CPU
		Release|Any CPU = Release|Any CPU
	EndGlobalSection
	GlobalSection(ProjectConfigurationPlatforms) = postSolution
		{A1EF799E-8EBB-40BE-AF34-D4D471C56AF0}.Debug|Any CPU.ActiveCfg = Debug|Any CPU
		{A1EF799E-8EBB-40BE-AF34-D4D471C56AF0}.Debug|Any CPU.Build.0 = Debug|Any CPU
		{A1EF799E-8EBB-40BE-AF34-D4D471C56AF0}.Release|Any CPU.ActiveCfg = Release|Any CPU
		{A1EF799E-8EBB-40BE-AF34-D4D471C56AF0}.Release|Any CPU.Build.0 = Release|Any CPU
	EndGlobalSection
	GlobalSection(SolutionProperties) = preSolution
		HideSolutionNode = FALSE
	EndGlobalSection
	GlobalSection(ExtensibilityGlobals) = postSolution
		SolutionGuid = {4CCDC147-3CAE-4FEA-AF9D-3B0EF2B4A834}
	EndGlobalSection
EndGlobal
